{
    "_meta": {
        "hash": {
            "sha256": "98b7c9f7baefd2317fa64d2527ccf53d0d41e57e882b667eac2d96946c00e9b8"
        },
        "pipfile-spec": 6,
        "requires": {
            "python_version": "3.8"
        },
        "sources": [
            {
                "name": "pypi",
                "url": "https://pypi.org/simple",
                "verify_ssl": true
            }
        ]
    },
    "default": {
        "pillow": {
            "hashes": [
                "sha256:0295442429645fa16d05bd567ef5cff178482439c9aad0411d3f0ce9b88b3a6f",
                "sha256:06aba4169e78c439d528fdeb34762c3b61a70813527a2c57f0540541e9f433a8",
                "sha256:09d7f9e64289cb40c2c8d7ad674b2ed6105f55dc3b09aa8e4918e20a0311e7ad",
                "sha256:0a80dd307a5d8440b0a08bd7b81617e04d870e40a3e46a32d9c246e54705e86f",
                "sha256:1ca594126d3c4def54babee699c055a913efb01e106c309fa6b04405d474d5ae",
                "sha256:25930fadde8019f374400f7986e8404c8b781ce519da27792cbe46eabec00c4d",
                "sha256:431b15cffbf949e89df2f7b48528be18b78bfa5177cb3036284a5508159492b5",
                "sha256:52125833b070791fcb5710fabc640fc1df07d087fc0c0f02d3661f76c23c5b8b",
                "sha256:5e51ee2b8114def244384eda1c82b10e307ad9778dac5c83fb0943775a653cd8",
                "sha256:612cfda94e9c8346f239bf1a4b082fdd5c8143cf82d685ba2dba76e7adeeb233",
                "sha256:6d7741e65835716ceea0fd13a7d0192961212fd59e741a46bbed7a473c634ed6",
                "sha256:6edb5446f44d901e8683ffb25ebdfc26988ee813da3bf91e12252b57ac163727",
                "sha256:725aa6cfc66ce2857d585f06e9519a1cc0ef6d13f186ff3447ab6dff0a09bc7f",
                "sha256:8dad18b69f710bf3a001d2bf3afab7c432785d94fcf819c16b5207b1cfd17d38",
                "sha256:94cf49723928eb6070a892cb39d6c156f7b5a2db4e8971cb958f7b6b104fb4c4",
                "sha256:97f9e7953a77d5a70f49b9a48da7776dc51e9b738151b22dacf101641594a626",
                "sha256:9ad7f865eebde135d526bb3163d0b23ffff365cf87e767c649550964ad72785d",
                "sha256:a060cf8aa332052df2158e5a119303965be92c3da6f2d93b6878f0ebca80b2f6",
                "sha256:c79f9c5fb846285f943aafeafda3358992d64f0ef58566e23484132ecd8d7d63",
                "sha256:c92302a33138409e8f1ad16731568c55c9053eee71bb05b6b744067e1b62380f",
                "sha256:d08b23fdb388c0715990cbc06866db554e1822c4bdcf6d4166cf30ac82df8c41",
                "sha256:d350f0f2c2421e65fbc62690f26b59b0bcda1b614beb318c81e38647e0f673a1",
                "sha256:ec29604081f10f16a7aea809ad42e27764188fc258b02259a03a8ff7ded3808d",
                "sha256:edf31f1150778abd4322444c393ab9c7bd2af271dd4dafb4208fb613b1f3cdc9",
                "sha256:f7e30c27477dffc3e85c2463b3e649f751789e0f6c8456099eea7ddd53be4a8a",
                "sha256:ffe538682dc19cc542ae7c3e504fdf54ca7f86fb8a135e59dd6bc8627eae6cce"
            ],
            "markers": "python_version >= '3.5'",
            "version": "==7.2.0"
        },
        "pipfile": {
            "hashes": [
                "sha256:f7d9f15de8b660986557eb3cc5391aa1a16207ac41bc378d03f414762d36c984"
            ],
            "index": "pypi",
            "version": "==0.0.2"
        },
        "reportlab": {
            "hashes": [
                "sha256:02f4b15e3fb366f7ee477fc4c6cb8db6c8efd7c58a43b6b4ca07d3e77f4886ef",
                "sha256:10711f098d5cead8cfc28894081d9bdb8d79313a1108e76db4f0798ffc6d32f2",
                "sha256:108d6601ad6b62c2faf0d34e83a6fce9b1e4585bf8d6d7145c656c9bd1bba259",
                "sha256:11c63e4c50413bbe962cafaa26090de5910f2128d2d762a887e82d7947eec3bb",
                "sha256:17a667da0816d06ea7c0a12f1389b390e8f0c1629ba3858045e81f946ddc1215",
                "sha256:1a070382e14075d3829e0a5df8b50158ccee004d2f7ff062bb1ad1cd27cfdfb7",
                "sha256:2111726854d411423f4cff59f2a817e40b7d3800ebccd49aba5124fab2e4fe93",
                "sha256:2575f446cca3ebc9ed711789b9042ffb30cb297ff3163fbfe9c6a90540059a63",
                "sha256:2cc13953882855c5ce4f32349c40260486afc3354bbcd85320960013be244f53",
                "sha256:2dc75ca9270269978c34251241bf9ee8712ab649b05fcf24a942eec28f32db1f",
                "sha256:303054e4816225d2e9f103b5444d1d4c57b22d69c71564da2d8e8523002a28f1",
                "sha256:3565c357ea4bd72d55894b4d39391a78c59942cfd359a2f1e6039feeb0dcead8",
                "sha256:45b2a7aa65e082bf481eea9994cdc00292698f8dc9e4a8c0ecfc6be90548803f",
                "sha256:4700a7d2f0c3166505c8aff0f585df8be3ad50dd1bb1b53bfac27bc45438389c",
                "sha256:63625b01940da8bf724ede7362931491172ecfdda64761840b71130a932571a3",
                "sha256:64ac7c8963d272679b570d91fe8178116184aa88e90992d4b14b485fe1a42ab1",
                "sha256:6b99f8e8e747d0e29cece283f28898635a1501bb3eca7ff81188571bbc939733",
                "sha256:6e25781f82540dcadd6b95869750afbab8f56335531a34538f241bbb8ef28a02",
                "sha256:710176305336f141256a5b04ca8facc5bdabce6298c651a2538f2e645eb62f02",
                "sha256:78a77b551c0975c070cc2d948d00c290258731a96d3a85e1c5423ee3f14c7a51",
                "sha256:7a23a45ad8646d39ef93b134507b2701b12a194b1f11fdc25e6a99b572ccf04d",
                "sha256:7cef553de2ff03121efaf9b2715ea11022b8ab515523472e3e6404a2108b8fab",
                "sha256:7de2b52263a9b3aaeb68b5da38074c2283e1b552ff5bfd078467e022475e7715",
                "sha256:810a4dd2df18f68409ac6bf8cf7680a12ed9e3f9210dc5aaa099571f6848386d",
                "sha256:844fbbb9d21a148c07449ebc35c49a3eee05818bbee92ff34f19edb0c24ee355",
                "sha256:8f153446818841d03969f4bdf26625c0292575a6c5807693ef3f5cec9b141326",
                "sha256:9b7013a0e44c01aa18da306d0f4352ee85033d1100c83c592afa16df0a55993f",
                "sha256:9e7522025de05ee39cdcbcdf809e9fdedd4c19809c4606bd030b3afd5028db44",
                "sha256:cc109dcbff7ad6547ce72ffc87e48dde7917ce70fb689ac70b16f27706a56426",
                "sha256:d213d921800ced1a30ca4829b21d84c075f553bf7bf87f2df069f797337815bf",
                "sha256:d8582861408cfd4aa868e3aba0a96d5e456400570de85ba7a2fb12e5b129af60",
                "sha256:d93d433733540dafb04a1664e76b4eda43ffc8f9c368ece3c8ab019db7f5def5",
                "sha256:d97bebfc6faff02d6a526a5d4e32e742330f9d222e85c3efb593bce65457e2f7",
                "sha256:da0355b1a9c417f3411863bf244aad38c5c4e7cad08a4e13d81e35bd3200e6af",
                "sha256:df5d70f35f58b69edc2fffe42ab5a77865f256ae08d8d0615fa74011dae587f6",
                "sha256:e724b46f61b23fcec9a40677f5eae8c09191b2c3bfe6c9f4c02df33dc5daf534",
                "sha256:ebf6ed07ebfc8329194b0cb3b95af9c2e532c1e8f4a813c8974e5d23370bce25",
                "sha256:f13edb3e227236c22519f112a5e138507df6e130b72f7b7053b2db54fdd3a131",
                "sha256:f492f343c3d1f3db06e79012a51b0679c6c90ee5aaefd8306aaf87b5782d4e4f",
                "sha256:f7513d0e2048e7d5558f72785f7f38451e34e4bcfdb51fca1b6d08557ef5d4a3"
            ],
            "index": "pypi",
            "version": "==3.5.47"
        },
        "tabulate": {
            "hashes": [
                "sha256:ac64cb76d53b1231d364babcd72abbb16855adac7de6665122f97b593f1eb2ba",
                "sha256:db2723a20d04bcda8522165c73eea7c300eda74e0ce852d9022e0159d7895007"
            ],
            "index": "pypi",
            "version": "==0.8.7"
        },
        "toml": {
            "hashes": [
                "sha256:926b612be1e5ce0634a2ca03470f95169cf16f939018233a670519cb4ac58b0f",
                "sha256:bda89d5935c2eac546d648028b9901107a595863cb36bae0c73ac804a9b4ce88"
            ],
            "version": "==0.10.1"
        }
    },
    "develop": {}
}
